schema: '2.0'
stages:
  preprocess:
    cmd: python src/preprocess.py
    deps:
    - path: conf/common/carcharhiniformes.yaml
      hash: md5
      md5: b328494a351e6f60a9986650f8d8cce3
      size: 26
    - path: conf/config.yaml
      hash: md5
      md5: 5be659ab16c8733b290df81ca8343dec
      size: 207
    - path: conf/preprocess/carcharhiniformes.yaml
      hash: md5
      md5: 1a20bc7c74531008a02d85f2729d2d65
      size: 99
    - path: data/limbatus.csv
      hash: md5
      md5: 417fbada364e5563bc5060b81576bff5
      size: 105963
    - path: data/spot_tail_shark.csv
      hash: md5
      md5: 0964169a62eb42696f51596e32455d7b
      size: 72119
    - path: src/preprocess.py
      hash: md5
      md5: 2eabbde2dba998e311b57f4b82223e43
      size: 3274
    outs:
    - path: data/chondrichthyes/carcharhiniformes/carcharhinus_limbatus/README.md
      hash: md5
      md5: b453520da72a0727a03249c1bd648a46
      size: 301
      isexec: true
    - path: data/chondrichthyes/carcharhiniformes/carcharhinus_limbatus/data.csv
      hash: md5
      md5: 93216494caaa6779fcc4ec37d3c93c4c
      size: 15002
      isexec: true
    - path: data/chondrichthyes/carcharhiniformes/carcharhinus_sorrah/README.md
      hash: md5
      md5: 8f51fc9ab945895a6164505583af66b5
      size: 310
      isexec: true
    - path: data/chondrichthyes/carcharhiniformes/carcharhinus_sorrah/data.csv
      hash: md5
      md5: dfe188782e60775949e8cbc052c7b3ae
      size: 18905
      isexec: true
    - path: data/chondrichthyes/carcharhiniformes/carcharhinus_tilstoni/README.md
      hash: md5
      md5: b453520da72a0727a03249c1bd648a46
      size: 301
      isexec: true
    - path: data/chondrichthyes/carcharhiniformes/carcharhinus_tilstoni/data.csv
      hash: md5
      md5: 55674359d028eb4e175e2a2fd5e94a72
      size: 18462
      isexec: true
  plot_curves:
    cmd: python src/plot_curves.py
    deps:
    - path: conf/common/carcharhiniformes.yaml
      hash: md5
      md5: b328494a351e6f60a9986650f8d8cce3
      size: 26
    - path: conf/config.yaml
      hash: md5
      md5: 5be659ab16c8733b290df81ca8343dec
      size: 207
    - path: conf/experiment_tracking/local.yaml
      hash: md5
      md5: 09d5cfd8b3af7816c55ff0542d1082a9
      size: 51
    - path: conf/plot/carcharhiniformes.yaml
      hash: md5
      md5: 09faed84003632cc38afbc632b097966
      size: 53
    - path: data/chondrichthyes/carcharhiniformes/carcharhinus_limbatus/data.csv
      hash: md5
      md5: 93216494caaa6779fcc4ec37d3c93c4c
      size: 15002
    - path: data/chondrichthyes/carcharhiniformes/carcharhinus_sorrah/data.csv
      hash: md5
      md5: dfe188782e60775949e8cbc052c7b3ae
      size: 18905
    - path: data/chondrichthyes/carcharhiniformes/carcharhinus_tilstoni/data.csv
      hash: md5
      md5: 55674359d028eb4e175e2a2fd5e94a72
      size: 18462
    - path: src/plot_curves.py
      hash: md5
      md5: 842eed2a381afc81f23513c374db0a85
      size: 4506
    outs:
    - path: data/chondrichthyes/carcharhiniformes/carcharhinus_limbatus/stl_age.png
      hash: md5
      md5: cab7e553c096931d3ede2decd8f2a405
      size: 68098
      isexec: true
    - path: data/chondrichthyes/carcharhiniformes/carcharhinus_sorrah/stl_age.png
      hash: md5
      md5: e23e00ab504dd96d5d79f6a2fc6eb7e2
      size: 46118
      isexec: true
    - path: data/chondrichthyes/carcharhiniformes/carcharhinus_tilstoni/stl_age.png
      hash: md5
      md5: ea499878b7829cae1f711d1535e1c16f
      size: 47471
      isexec: true
