schema: '2.0'
stages:
  preprocess:
    cmd: python src/preprocess.py
    deps:
    - path: conf/common/carcharhiniformes.yaml
      hash: md5
      md5: b328494a351e6f60a9986650f8d8cce3
      size: 26
    - path: conf/config.yaml
      hash: md5
      md5: 5be659ab16c8733b290df81ca8343dec
      size: 207
    - path: conf/preprocess/carcharhiniformes.yaml
      hash: md5
      md5: 4fc703dda7e04dff63d9f65302a72bfb
      size: 94
    - path: data/limbatus.csv
      hash: md5
      md5: 417fbada364e5563bc5060b81576bff5
      size: 105963
    - path: data/spot_tail_shark.csv
      hash: md5
      md5: 527bbce9e54ba46a0a054837ca2a9f54
      size: 71932
    - path: src/preprocess.py
      hash: md5
      md5: 551b34439775da317cf007b3fc71a18c
      size: 3226
    outs:
    - path: data/chondrichthyes/carcharhiniformes/carcharhinus_limbatus/README.md
      hash: md5
      md5: b453520da72a0727a03249c1bd648a46
      size: 301
      isexec: true
    - path: data/chondrichthyes/carcharhiniformes/carcharhinus_limbatus/data.csv
      hash: md5
      md5: 14969130767cae9d005f9c7c1e304c7d
      size: 12315
      isexec: true
    - path: data/chondrichthyes/carcharhiniformes/carcharhinus_sorrah/README.md
      hash: md5
      md5: 8f51fc9ab945895a6164505583af66b5
      size: 310
      isexec: true
    - path: data/chondrichthyes/carcharhiniformes/carcharhinus_sorrah/data.csv
      hash: md5
      md5: 174088e1a9327dee5d25241ecb7ee448
      size: 15828
      isexec: true
    - path: data/chondrichthyes/carcharhiniformes/carcharhinus_tilstoni/README.md
      hash: md5
      md5: b453520da72a0727a03249c1bd648a46
      size: 301
      isexec: true
    - path: data/chondrichthyes/carcharhiniformes/carcharhinus_tilstoni/data.csv
      hash: md5
      md5: 7240793855a70114d7256cc038c89776
      size: 15419
      isexec: true
  plot_curves:
    cmd: python src/plot_curves.py
    deps:
    - path: conf/common/carcharhiniformes.yaml
      hash: md5
      md5: b328494a351e6f60a9986650f8d8cce3
      size: 26
    - path: conf/config.yaml
      hash: md5
      md5: 5be659ab16c8733b290df81ca8343dec
      size: 207
    - path: conf/experiment_tracking/local.yaml
      hash: md5
      md5: 39beaed9466a0ab570f1584c6875c20b
      size: 37
    - path: conf/plot/carcharhiniformes.yaml
      hash: md5
      md5: cf5fb695f9bc6aa516d90b56bddd931a
      size: 52
    - path: data/chondrichthyes/carcharhiniformes/carcharhinus_limbatus/data.csv
      hash: md5
      md5: 14969130767cae9d005f9c7c1e304c7d
      size: 12315
    - path: data/chondrichthyes/carcharhiniformes/carcharhinus_sorrah/data.csv
      hash: md5
      md5: 174088e1a9327dee5d25241ecb7ee448
      size: 15828
    - path: data/chondrichthyes/carcharhiniformes/carcharhinus_tilstoni/data.csv
      hash: md5
      md5: 7240793855a70114d7256cc038c89776
      size: 15419
    - path: src/plot_curves.py
      hash: md5
      md5: b882ebc9fe31c744b897d4d6754ca429
      size: 3238
    outs:
    - path: data/chondrichthyes/carcharhiniformes/carcharhinus_limbatus/fl_age.png
      hash: md5
      md5: 61770d161717feee91a18f93e8cde790
      size: 66904
      isexec: true
    - path: data/chondrichthyes/carcharhiniformes/carcharhinus_sorrah/fl_age.png
      hash: md5
      md5: d55d0f3b82e611a511bff127501a75b1
      size: 53094
      isexec: true
    - path: data/chondrichthyes/carcharhiniformes/carcharhinus_tilstoni/fl_age.png
      hash: md5
      md5: f651a02fc788b72eec081615d44b3e95
      size: 42334
      isexec: true
